
Microsoft Visual Studio Solution File, Format Version 12.00
# Visual Studio Version 16
VisualStudioVersion = 16.0.31624.102
MinimumVisualStudioVersion = 10.0.40219.1
Project("{D2ABAB84-BF74-430A-B69E-9DC6D40DDA17}") = "StoreSalesDW_SSAS", "StoreSalesDW_SSAS\StoreSalesDW_SSAS.dwproj", "{A7DB7887-8199-4D26-8A95-40E58C0FFAC0}"
EndProject
Global
	GlobalSection(SolutionConfigurationPlatforms) = preSolution
		Development|Default = Development|Default
	EndGlobalSection
	GlobalSection(ProjectConfigurationPlatforms) = postSolution
		{A7DB7887-8199-4D26-8A95-40E58C0FFAC0}.Development|Default.ActiveCfg = Development
		{A7DB7887-8199-4D26-8A95-40E58C0FFAC0}.Development|Default.Build.0 = Development
		{A7DB7887-8199-4D26-8A95-40E58C0FFAC0}.Development|Default.Deploy.0 = Development
	EndGlobalSection
	GlobalSection(SolutionProperties) = preSolution
		HideSolutionNode = FALSE
	EndGlobalSection
	GlobalSection(ExtensibilityGlobals) = postSolution
		SolutionGuid = {8C7E0409-60D1-49CF-89FE-6BDE97DA2B39}
	EndGlobalSection
EndGlobal
